
Microsoft Visual Studio Solution File, Format Version 12.00
# Visual Studio Version 17
VisualStudioVersion = 17.7.34031.279
MinimumVisualStudioVersion = 10.0.40219.1
Project("{FAE04EC0-301F-11D3-BF4B-00C04F79EFBC}") = "02.NumberBetween-100And100", "02.NumberBetween-100And100\02.NumberBetween-100And100.csproj", "{24903ADF-636A-408A-88AD-410274FFA7FA}"
EndProject
Global
	GlobalSection(SolutionConfigurationPlatforms) = preSolution
		Debug|Any CPU = Debug|Any CPU
		Release|Any CPU = Release|Any CPU
	EndGlobalSection
	GlobalSection(ProjectConfigurationPlatforms) = postSolution
		{24903ADF-636A-408A-88AD-410274FFA7FA}.Debug|Any CPU.ActiveCfg = Debug|Any CPU
		{24903ADF-636A-408A-88AD-410274FFA7FA}.Debug|Any CPU.Build.0 = Debug|Any CPU
		{24903ADF-636A-408A-88AD-410274FFA7FA}.Release|Any CPU.ActiveCfg = Release|Any CPU
		{24903ADF-636A-408A-88AD-410274FFA7FA}.Release|Any CPU.Build.0 = Release|Any CPU
	EndGlobalSection
	GlobalSection(SolutionProperties) = preSolution
		HideSolutionNode = FALSE
	EndGlobalSection
	GlobalSection(ExtensibilityGlobals) = postSolution
		SolutionGuid = {96C5717A-1976-48A3-97D3-DC6B19127565}
	EndGlobalSection
EndGlobal
