
Microsoft Visual Studio Solution File, Format Version 12.00
# Visual Studio Version 17
VisualStudioVersion = 17.7.34031.279
MinimumVisualStudioVersion = 10.0.40219.1
Project("{FAE04EC0-301F-11D3-BF4B-00C04F79EFBC}") = "03.MovieTicket", "03.MovieTicket\03.MovieTicket.csproj", "{533D93DF-28E1-470F-8D21-6BE3E59634B4}"
EndProject
Global
	GlobalSection(SolutionConfigurationPlatforms) = preSolution
		Debug|Any CPU = Debug|Any CPU
		Release|Any CPU = Release|Any CPU
	EndGlobalSection
	GlobalSection(ProjectConfigurationPlatforms) = postSolution
		{533D93DF-28E1-470F-8D21-6BE3E59634B4}.Debug|Any CPU.ActiveCfg = Debug|Any CPU
		{533D93DF-28E1-470F-8D21-6BE3E59634B4}.Debug|Any CPU.Build.0 = Debug|Any CPU
		{533D93DF-28E1-470F-8D21-6BE3E59634B4}.Release|Any CPU.ActiveCfg = Release|Any CPU
		{533D93DF-28E1-470F-8D21-6BE3E59634B4}.Release|Any CPU.Build.0 = Release|Any CPU
	EndGlobalSection
	GlobalSection(SolutionProperties) = preSolution
		HideSolutionNode = FALSE
	EndGlobalSection
	GlobalSection(ExtensibilityGlobals) = postSolution
		SolutionGuid = {EA3C63F6-CAA7-4D05-AB2C-6DECC86C70D2}
	EndGlobalSection
EndGlobal
