
Microsoft Visual Studio Solution File, Format Version 12.00
# Visual Studio Version 17
VisualStudioVersion = 17.7.34031.279
MinimumVisualStudioVersion = 10.0.40219.1
Project("{FAE04EC0-301F-11D3-BF4B-00C04F79EFBC}") = "04.NumberFrom100To200", "04.NumberFrom100To200\04.NumberFrom100To200.csproj", "{4CCC9A3B-854D-4B15-9022-39A883A5D3FC}"
EndProject
Global
	GlobalSection(SolutionConfigurationPlatforms) = preSolution
		Debug|Any CPU = Debug|Any CPU
		Release|Any CPU = Release|Any CPU
	EndGlobalSection
	GlobalSection(ProjectConfigurationPlatforms) = postSolution
		{4CCC9A3B-854D-4B15-9022-39A883A5D3FC}.Debug|Any CPU.ActiveCfg = Debug|Any CPU
		{4CCC9A3B-854D-4B15-9022-39A883A5D3FC}.Debug|Any CPU.Build.0 = Debug|Any CPU
		{4CCC9A3B-854D-4B15-9022-39A883A5D3FC}.Release|Any CPU.ActiveCfg = Release|Any CPU
		{4CCC9A3B-854D-4B15-9022-39A883A5D3FC}.Release|Any CPU.Build.0 = Release|Any CPU
	EndGlobalSection
	GlobalSection(SolutionProperties) = preSolution
		HideSolutionNode = FALSE
	EndGlobalSection
	GlobalSection(ExtensibilityGlobals) = postSolution
		SolutionGuid = {CCA18233-2687-4D9D-A707-4BD0EE5FCA46}
	EndGlobalSection
EndGlobal
