
Microsoft Visual Studio Solution File, Format Version 12.00
# Visual Studio Version 17
VisualStudioVersion = 17.7.34031.279
MinimumVisualStudioVersion = 10.0.40219.1
Project("{FAE04EC0-301F-11D3-BF4B-00C04F79EFBC}") = "03.OddOrEven", "03.OddOrEven\03.OddOrEven.csproj", "{842340B5-5534-456B-8BB0-738CBF72E787}"
EndProject
Global
	GlobalSection(SolutionConfigurationPlatforms) = preSolution
		Debug|Any CPU = Debug|Any CPU
		Release|Any CPU = Release|Any CPU
	EndGlobalSection
	GlobalSection(ProjectConfigurationPlatforms) = postSolution
		{842340B5-5534-456B-8BB0-738CBF72E787}.Debug|Any CPU.ActiveCfg = Debug|Any CPU
		{842340B5-5534-456B-8BB0-738CBF72E787}.Debug|Any CPU.Build.0 = Debug|Any CPU
		{842340B5-5534-456B-8BB0-738CBF72E787}.Release|Any CPU.ActiveCfg = Release|Any CPU
		{842340B5-5534-456B-8BB0-738CBF72E787}.Release|Any CPU.Build.0 = Release|Any CPU
	EndGlobalSection
	GlobalSection(SolutionProperties) = preSolution
		HideSolutionNode = FALSE
	EndGlobalSection
	GlobalSection(ExtensibilityGlobals) = postSolution
		SolutionGuid = {7E280C92-4F29-4112-8AF5-0D3EE52DE67E}
	EndGlobalSection
EndGlobal
