
Microsoft Visual Studio Solution File, Format Version 12.00
# Visual Studio Version 17
VisualStudioVersion = 17.7.34031.279
MinimumVisualStudioVersion = 10.0.40219.1
Project("{FAE04EC0-301F-11D3-BF4B-00C04F79EFBC}") = "10.UnitConverter", "10.UnitConverter\10.UnitConverter.csproj", "{C71C242D-232E-481E-B1C1-563B69F81B9D}"
EndProject
Global
	GlobalSection(SolutionConfigurationPlatforms) = preSolution
		Debug|Any CPU = Debug|Any CPU
		Release|Any CPU = Release|Any CPU
	EndGlobalSection
	GlobalSection(ProjectConfigurationPlatforms) = postSolution
		{C71C242D-232E-481E-B1C1-563B69F81B9D}.Debug|Any CPU.ActiveCfg = Debug|Any CPU
		{C71C242D-232E-481E-B1C1-563B69F81B9D}.Debug|Any CPU.Build.0 = Debug|Any CPU
		{C71C242D-232E-481E-B1C1-563B69F81B9D}.Release|Any CPU.ActiveCfg = Release|Any CPU
		{C71C242D-232E-481E-B1C1-563B69F81B9D}.Release|Any CPU.Build.0 = Release|Any CPU
	EndGlobalSection
	GlobalSection(SolutionProperties) = preSolution
		HideSolutionNode = FALSE
	EndGlobalSection
	GlobalSection(ExtensibilityGlobals) = postSolution
		SolutionGuid = {DB49F092-4C2F-4AB6-A00A-7147C2137234}
	EndGlobalSection
EndGlobal
