
Microsoft Visual Studio Solution File, Format Version 12.00
# Visual Studio Version 17
VisualStudioVersion = 17.7.34031.279
MinimumVisualStudioVersion = 10.0.40219.1
Project("{FAE04EC0-301F-11D3-BF4B-00C04F79EFBC}") = "11.TheBiggestNumber", "11.TheBiggestNumber\11.TheBiggestNumber.csproj", "{60037101-B2B2-41CE-AF0E-141E743DFAF0}"
EndProject
Global
	GlobalSection(SolutionConfigurationPlatforms) = preSolution
		Debug|Any CPU = Debug|Any CPU
		Release|Any CPU = Release|Any CPU
	EndGlobalSection
	GlobalSection(ProjectConfigurationPlatforms) = postSolution
		{60037101-B2B2-41CE-AF0E-141E743DFAF0}.Debug|Any CPU.ActiveCfg = Debug|Any CPU
		{60037101-B2B2-41CE-AF0E-141E743DFAF0}.Debug|Any CPU.Build.0 = Debug|Any CPU
		{60037101-B2B2-41CE-AF0E-141E743DFAF0}.Release|Any CPU.ActiveCfg = Release|Any CPU
		{60037101-B2B2-41CE-AF0E-141E743DFAF0}.Release|Any CPU.Build.0 = Release|Any CPU
	EndGlobalSection
	GlobalSection(SolutionProperties) = preSolution
		HideSolutionNode = FALSE
	EndGlobalSection
	GlobalSection(ExtensibilityGlobals) = postSolution
		SolutionGuid = {86598F95-B927-47E1-9246-DED270D64474}
	EndGlobalSection
EndGlobal
