
Microsoft Visual Studio Solution File, Format Version 12.00
# Visual Studio Version 17
VisualStudioVersion = 17.7.34031.279
MinimumVisualStudioVersion = 10.0.40219.1
Project("{FAE04EC0-301F-11D3-BF4B-00C04F79EFBC}") = "08.Travel", "08.Travel\08.Travel.csproj", "{EC10C404-B633-44D9-9499-2C1309234264}"
EndProject
Global
	GlobalSection(SolutionConfigurationPlatforms) = preSolution
		Debug|Any CPU = Debug|Any CPU
		Release|Any CPU = Release|Any CPU
	EndGlobalSection
	GlobalSection(ProjectConfigurationPlatforms) = postSolution
		{EC10C404-B633-44D9-9499-2C1309234264}.Debug|Any CPU.ActiveCfg = Debug|Any CPU
		{EC10C404-B633-44D9-9499-2C1309234264}.Debug|Any CPU.Build.0 = Debug|Any CPU
		{EC10C404-B633-44D9-9499-2C1309234264}.Release|Any CPU.ActiveCfg = Release|Any CPU
		{EC10C404-B633-44D9-9499-2C1309234264}.Release|Any CPU.Build.0 = Release|Any CPU
	EndGlobalSection
	GlobalSection(SolutionProperties) = preSolution
		HideSolutionNode = FALSE
	EndGlobalSection
	GlobalSection(ExtensibilityGlobals) = postSolution
		SolutionGuid = {0910D3EC-A2DC-4FA3-9BA0-D9818F60749D}
	EndGlobalSection
EndGlobal
