
Microsoft Visual Studio Solution File, Format Version 12.00
# Visual Studio Version 17
VisualStudioVersion = 17.7.34031.279
MinimumVisualStudioVersion = 10.0.40219.1
Project("{FAE04EC0-301F-11D3-BF4B-00C04F79EFBC}") = "06.NumberThatsMultipleOf10", "06.NumberThatsMultipleOf10\06.NumberThatsMultipleOf10.csproj", "{12D64036-6521-4268-A033-2E4651FA5ED0}"
EndProject
Global
	GlobalSection(SolutionConfigurationPlatforms) = preSolution
		Debug|Any CPU = Debug|Any CPU
		Release|Any CPU = Release|Any CPU
	EndGlobalSection
	GlobalSection(ProjectConfigurationPlatforms) = postSolution
		{12D64036-6521-4268-A033-2E4651FA5ED0}.Debug|Any CPU.ActiveCfg = Debug|Any CPU
		{12D64036-6521-4268-A033-2E4651FA5ED0}.Debug|Any CPU.Build.0 = Debug|Any CPU
		{12D64036-6521-4268-A033-2E4651FA5ED0}.Release|Any CPU.ActiveCfg = Release|Any CPU
		{12D64036-6521-4268-A033-2E4651FA5ED0}.Release|Any CPU.Build.0 = Release|Any CPU
	EndGlobalSection
	GlobalSection(SolutionProperties) = preSolution
		HideSolutionNode = FALSE
	EndGlobalSection
	GlobalSection(ExtensibilityGlobals) = postSolution
		SolutionGuid = {B736A998-3E43-45C2-B373-CD0317874678}
	EndGlobalSection
EndGlobal
