
Microsoft Visual Studio Solution File, Format Version 12.00
# Visual Studio Version 17
VisualStudioVersion = 17.7.34031.279
MinimumVisualStudioVersion = 10.0.40219.1
Project("{FAE04EC0-301F-11D3-BF4B-00C04F79EFBC}") = "02.FacesOfFigures", "02.FacesOfFigures\02.FacesOfFigures.csproj", "{92E596CC-10D0-45FC-BABA-5441DD8D4CF6}"
EndProject
Global
	GlobalSection(SolutionConfigurationPlatforms) = preSolution
		Debug|Any CPU = Debug|Any CPU
		Release|Any CPU = Release|Any CPU
	EndGlobalSection
	GlobalSection(ProjectConfigurationPlatforms) = postSolution
		{92E596CC-10D0-45FC-BABA-5441DD8D4CF6}.Debug|Any CPU.ActiveCfg = Debug|Any CPU
		{92E596CC-10D0-45FC-BABA-5441DD8D4CF6}.Debug|Any CPU.Build.0 = Debug|Any CPU
		{92E596CC-10D0-45FC-BABA-5441DD8D4CF6}.Release|Any CPU.ActiveCfg = Release|Any CPU
		{92E596CC-10D0-45FC-BABA-5441DD8D4CF6}.Release|Any CPU.Build.0 = Release|Any CPU
	EndGlobalSection
	GlobalSection(SolutionProperties) = preSolution
		HideSolutionNode = FALSE
	EndGlobalSection
	GlobalSection(ExtensibilityGlobals) = postSolution
		SolutionGuid = {5374DBCB-0148-4E75-8D60-971681795955}
	EndGlobalSection
EndGlobal
