
Microsoft Visual Studio Solution File, Format Version 12.00
# Visual Studio Version 17
VisualStudioVersion = 17.7.34031.279
MinimumVisualStudioVersion = 10.0.40219.1
Project("{FAE04EC0-301F-11D3-BF4B-00C04F79EFBC}") = "09.MovieTickets", "09.MovieTickets\09.MovieTickets.csproj", "{DFC3C015-6C43-47D2-BCE3-1291A3C091FB}"
EndProject
Global
	GlobalSection(SolutionConfigurationPlatforms) = preSolution
		Debug|Any CPU = Debug|Any CPU
		Release|Any CPU = Release|Any CPU
	EndGlobalSection
	GlobalSection(ProjectConfigurationPlatforms) = postSolution
		{DFC3C015-6C43-47D2-BCE3-1291A3C091FB}.Debug|Any CPU.ActiveCfg = Debug|Any CPU
		{DFC3C015-6C43-47D2-BCE3-1291A3C091FB}.Debug|Any CPU.Build.0 = Debug|Any CPU
		{DFC3C015-6C43-47D2-BCE3-1291A3C091FB}.Release|Any CPU.ActiveCfg = Release|Any CPU
		{DFC3C015-6C43-47D2-BCE3-1291A3C091FB}.Release|Any CPU.Build.0 = Release|Any CPU
	EndGlobalSection
	GlobalSection(SolutionProperties) = preSolution
		HideSolutionNode = FALSE
	EndGlobalSection
	GlobalSection(ExtensibilityGlobals) = postSolution
		SolutionGuid = {90E35237-4FE5-4641-A787-E3A86DC99D50}
	EndGlobalSection
EndGlobal
