
Microsoft Visual Studio Solution File, Format Version 12.00
# Visual Studio Version 17
VisualStudioVersion = 17.7.34031.279
MinimumVisualStudioVersion = 10.0.40219.1
Project("{FAE04EC0-301F-11D3-BF4B-00C04F79EFBC}") = "10.Password", "10.Password\10.Password.csproj", "{D424455F-647A-4DD8-8ED3-EC673E19009F}"
EndProject
Global
	GlobalSection(SolutionConfigurationPlatforms) = preSolution
		Debug|Any CPU = Debug|Any CPU
		Release|Any CPU = Release|Any CPU
	EndGlobalSection
	GlobalSection(ProjectConfigurationPlatforms) = postSolution
		{D424455F-647A-4DD8-8ED3-EC673E19009F}.Debug|Any CPU.ActiveCfg = Debug|Any CPU
		{D424455F-647A-4DD8-8ED3-EC673E19009F}.Debug|Any CPU.Build.0 = Debug|Any CPU
		{D424455F-647A-4DD8-8ED3-EC673E19009F}.Release|Any CPU.ActiveCfg = Release|Any CPU
		{D424455F-647A-4DD8-8ED3-EC673E19009F}.Release|Any CPU.Build.0 = Release|Any CPU
	EndGlobalSection
	GlobalSection(SolutionProperties) = preSolution
		HideSolutionNode = FALSE
	EndGlobalSection
	GlobalSection(ExtensibilityGlobals) = postSolution
		SolutionGuid = {D7239AB2-B32C-41F2-9748-5F4EA51F6FCD}
	EndGlobalSection
EndGlobal
